
Microsoft Visual Studio Solution File, Format Version 12.00
# Visual Studio Version 17
VisualStudioVersion = 17.5.002.0
MinimumVisualStudioVersion = 10.0.40219.1
Project("{9A19103F-16F7-4668-BE54-9A1E7A4F7556}") = "logic", "logic\logic.csproj", "{93F1EC3B-0D01-4561-B882-798F65CA00E9}"
EndProject
Global
	GlobalSection(SolutionConfigurationPlatforms) = preSolution
		Debug|Any CPU = Debug|Any CPU
		Release|Any CPU = Release|Any CPU
	EndGlobalSection
	GlobalSection(ProjectConfigurationPlatforms) = postSolution
		{93F1EC3B-0D01-4561-B882-798F65CA00E9}.Debug|Any CPU.ActiveCfg = Debug|Any CPU
		{93F1EC3B-0D01-4561-B882-798F65CA00E9}.Debug|Any CPU.Build.0 = Debug|Any CPU
		{93F1EC3B-0D01-4561-B882-798F65CA00E9}.Release|Any CPU.ActiveCfg = Release|Any CPU
		{93F1EC3B-0D01-4561-B882-798F65CA00E9}.Release|Any CPU.Build.0 = Release|Any CPU
	EndGlobalSection
	GlobalSection(SolutionProperties) = preSolution
		HideSolutionNode = FALSE
	EndGlobalSection
	GlobalSection(ExtensibilityGlobals) = postSolution
		SolutionGuid = {2298D692-ED9C-47DA-8215-D75468A2E3C9}
	EndGlobalSection
EndGlobal
